// !$*UTF8*$!
{
	archiveVersion = 1;
	classes = {
	};
	objectVersion = 46;
	objects = {

/* Begin PBXBuildFile section */
		4879B5791C867A450065AD06 /* AppDelegate.swift in Sources */ = {isa = PBXBuildFile; fileRef = 4879B5781C867A450065AD06 /* AppDelegate.swift */; };
		4879B57B1C867A450065AD06 /* ViewController.swift in Sources */ = {isa = PBXBuildFile; fileRef = 4879B57A1C867A450065AD06 /* ViewController.swift */; };
		4879B57E1C867A450065AD06 /* Main.storyboard in Resources */ = {isa = PBXBuildFile; fileRef = 4879B57C1C867A450065AD06 /* Main.storyboard */; };
		4879B5801C867A450065AD06 /* Assets.xcassets in Resources */ = {isa = PBXBuildFile; fileRef = 4879B57F1C867A450065AD06 /* Assets.xcassets */; };
		4879B5831C867A450065AD06 /* LaunchScreen.storyboard in Resources */ = {isa = PBXBuildFile; fileRef = 4879B5811C867A450065AD06 /* LaunchScreen.storyboard */; };
		4879B5911C86894D0065AD06 /* FSNavigationController.swift in Sources */ = {isa = PBXBuildFile; fileRef = 4879B5901C86894D0065AD06 /* FSNavigationController.swift */; };
/* End PBXBuildFile section */

/* Begin PBXFileReference section */
		4879B5751C867A450065AD06 /* swiftexample.app */ = {isa = PBXFileReference; explicitFileType = wrapper.application; includeInIndex = 0; path = swiftexample.app; sourceTree = BUILT_PRODUCTS_DIR; };
		4879B5781C867A450065AD06 /* AppDelegate.swift */ = {isa = PBXFileReference; lastKnownFileType = sourcecode.swift; path = AppDelegate.swift; sourceTree = "<group>"; };
		4879B57A1C867A450065AD06 /* ViewController.swift */ = {isa = PBXFileReference; lastKnownFileType = sourcecode.swift; path = ViewController.swift; sourceTree = "<group>"; };
		4879B57D1C867A450065AD06 /* Base */ = {isa = PBXFileReference; lastKnownFileType = file.storyboard; name = Base; path = Base.lproj/Main.storyboard; sourceTree = "<group>"; };
		4879B57F1C867A450065AD06 /* Assets.xcassets */ = {isa = PBXFileReference; lastKnownFileType = folder.assetcatalog; path = Assets.xcassets; sourceTree = "<group>"; };
		4879B5821C867A450065AD06 /* Base */ = {isa = PBXFileReference; lastKnownFileType = file.storyboard; name = Base; path = Base.lproj/LaunchScreen.storyboard; sourceTree = "<group>"; };
		4879B5841C867A450065AD06 /* Info.plist */ = {isa = PBXFileReference; lastKnownFileType = text.plist.xml; path = Info.plist; sourceTree = "<group>"; };
		4879B5901C86894D0065AD06 /* FSNavigationController.swift */ = {isa = PBXFileReference; fileEncoding = 4; lastKnownFileType = sourcecode.swift; name = FSNavigationController.swift; path = ../../FSNavigationController.swift; sourceTree = "<group>"; };
/* End PBXFileReference section */

/* Begin PBXFrameworksBuildPhase section */
		4879B5721C867A450065AD06 /* Frameworks */ = {
			isa = PBXFrameworksBuildPhase;
			buildActionMask = 2147483647;
			files = (
			);
			runOnlyForDeploymentPostprocessing = 0;
		};
/* End PBXFrameworksBuildPhase section */

/* Begin PBXGroup section */
		4879B56C1C867A450065AD06 = {
			isa = PBXGroup;
			children = (
				4879B5771C867A450065AD06 /* swiftexample */,
				4879B5761C867A450065AD06 /* Products */,
			);
			sourceTree = "<group>";
		};
		4879B5761C867A450065AD06 /* Products */ = {
			isa = PBXGroup;
			children = (
				4879B5751C867A450065AD06 /* swiftexample.app */,
			);
			name = Products;
			sourceTree = "<group>";
		};
		4879B5771C867A450065AD06 /* swiftexample */ = {
			isa = PBXGroup;
			children = (
				4879B5901C86894D0065AD06 /* FSNavigationController.swift */,
				4879B5781C867A450065AD06 /* AppDelegate.swift */,
				4879B57A1C867A450065AD06 /* ViewController.swift */,
				4879B57C1C867A450065AD06 /* Main.storyboard */,
				4879B57F1C867A450065AD06 /* Assets.xcassets */,
				4879B5811C867A450065AD06 /* LaunchScreen.storyboard */,
				4879B5841C867A450065AD06 /* Info.plist */,
			);
			path = swiftexample;
			sourceTree = "<group>";
		};
/* End PBXGroup section */

/* Begin PBXNativeTarget section */
		4879B5741C867A450065AD06 /* swiftexample */ = {
			isa = PBXNativeTarget;
			buildConfigurationList = 4879B5871C867A450065AD06 /* Build configuration list for PBXNativeTarget "swiftexample" */;
			buildPhases = (
				4879B5711C867A450065AD06 /* Sources */,
				4879B5721C867A450065AD06 /* Frameworks */,
				4879B5731C867A450065AD06 /* Resources */,
			);
			buildRules = (
			);
			dependencies = (
			);
			name = swiftexample;
			productName = swiftexample;
			productReference = 4879B5751C867A450065AD06 /* swiftexample.app */;
			productType = "com.apple.product-type.application";
		};
/* End PBXNativeTarget section */

/* Begin PBXProject section */
		4879B56D1C867A450065AD06 /* Project object */ = {
			isa = PBXProject;
			attributes = {
				LastSwiftUpdateCheck = 0720;
				LastUpgradeCheck = 0720;
				ORGANIZATIONNAME = liudanyun.com;
				TargetAttributes = {
					4879B5741C867A450065AD06 = {
						CreatedOnToolsVersion = 7.2.1;
					};
				};
			};
			buildConfigurationList = 4879B5701C867A450065AD06 /* Build configuration list for PBXProject "swiftexample" */;
			compatibilityVersion = "Xcode 3.2";
			developmentRegion = English;
			hasScannedForEncodings = 0;
			knownRegions = (
				en,
				Base,
			);
			mainGroup = 4879B56C1C867A450065AD06;
			productRefGroup = 4879B5761C867A450065AD06 /* Products */;
			projectDirPath = "";
			projectRoot = "";
			targets = (
				4879B5741C867A450065AD06 /* swiftexample */,
			);
		};
/* End PBXProject section */

/* Begin PBXResourcesBuildPhase section */
		4879B5731C867A450065AD06 /* Resources */ = {
			isa = PBXResourcesBuildPhase;
			buildActionMask = 2147483647;
			files = (
				4879B5831C867A450065AD06 /* LaunchScreen.storyboard in Resources */,
				4879B5801C867A450065AD06 /* Assets.xcassets in Resources */,
				4879B57E1C867A450065AD06 /* Main.storyboard in Resources */,
			);
			runOnlyForDeploymentPostprocessing = 0;
		};
/* End PBXResourcesBuildPhase section */

/* Begin PBXSourcesBuildPhase section */
		4879B5711C867A450065AD06 /* Sources */ = {
			isa = PBXSourcesBuildPhase;
			buildActionMask = 2147483647;
			files = (
				4879B57B1C867A450065AD06 /* ViewController.swift in Sources */,
				4879B5791C867A450065AD06 /* AppDelegate.swift in Sources */,
				4879B5911C86894D0065AD06 /* FSNavigationController.swift in Sources */,
			);
			runOnlyForDeploymentPostprocessing = 0;
		};
/* End PBXSourcesBuildPhase section */

/* Begin PBXVariantGroup section */
		4879B57C1C867A450065AD06 /* Main.storyboard */ = {
			isa = PBXVariantGroup;
			children = (
				4879B57D1C867A450065AD06 /* Base */,
			);
			name = Main.storyboard;
			sourceTree = "<group>";
		};
		4879B5811C867A450065AD06 /* LaunchScreen.storyboard */ = {
			isa = PBXVariantGroup;
			children = (
				4879B5821C867A450065AD06 /* Base */,
			);
			name = LaunchScreen.storyboard;
			sourceTree = "<group>";
		};
/* End PBXVariantGroup section */

/* Begin XCBuildConfiguration section */
		4879B5851C867A450065AD06 /* Debug */ = {
			isa = XCBuildConfiguration;
			buildSettings = {
				ALWAYS_SEARCH_USER_PATHS = NO;
				CLANG_CXX_LANGUAGE_STANDARD = "gnu++0x";
				CLANG_CXX_LIBRARY = "libc++";
				CLANG_ENABLE_MODULES = YES;
				CLANG_ENABLE_OBJC_ARC = YES;
				CLANG_WARN_BOOL_CONVERSION = YES;
				CLANG_WARN_CONSTANT_CONVERSION = YES;
				CLANG_WARN_DIRECT_OBJC_ISA_USAGE = YES_ERROR;
				CLANG_WARN_EMPTY_BODY = YES;
				CLANG_WARN_ENUM_CONVERSION = YES;
				CLANG_WARN_INT_CONVERSION = YES;
				CLANG_WARN_OBJC_ROOT_CLASS = YES_ERROR;
				CLANG_WARN_UNREACHABLE_CODE = YES;
				CLANG_WARN__DUPLICATE_METHOD_MATCH = YES;
				"CODE_SIGN_IDENTITY[sdk=iphoneos*]" = "iPhone Developer";
				COPY_PHASE_STRIP = NO;
				DEBUG_INFORMATION_FORMAT = dwarf;
				ENABLE_STRICT_OBJC_MSGSEND = YES;
				ENABLE_TESTABILITY = YES;
				GCC_C_LANGUAGE_STANDARD = gnu99;
				GCC_DYNAMIC_NO_PIC = NO;
				GCC_NO_COMMON_BLOCKS = YES;
				GCC_OPTIMIZATION_LEVEL = 0;
				GCC_PREPROCESSOR_DEFINITIONS = (
					"DEBUG=1",
					"$(inherited)",
				);
				GCC_WARN_64_TO_32_BIT_CONVERSION = YES;
				GCC_WARN_ABOUT_RETURN_TYPE = YES_ERROR;
				GCC_WARN_UNDECLARED_SELECTOR = YES;
				GCC_WARN_UNINITIALIZED_AUTOS = YES_AGGRESSIVE;
				GCC_WARN_UNUSED_FUNCTION = YES;
				GCC_WARN_UNUSED_VARIABLE = YES;
				IPHONEOS_DEPLOYMENT_TARGET = 9.2;
				MTL_ENABLE_DEBUG_INFO = YES;
				ONLY_ACTIVE_ARCH = YES;
				SDKROOT = iphoneos;
				SWIFT_OPTIMIZATION_LEVEL = "-Onone";
			};
			name = Debug;
		};
		4879B5861C867A450065AD06 /* Release */ = {
			isa = XCBuildConfiguration;
			buildSettings = {
				ALWAYS_SEARCH_USER_PATHS = NO;
				CLANG_CXX_LANGUAGE_STANDARD = "gnu++0x";
				CLANG_CXX_LIBRARY = "libc++";
				CLANG_ENABLE_MODULES = YES;
				CLANG_ENABLE_OBJC_ARC = YES;
				CLANG_WARN_BOOL_CONVERSION = YES;
				CLANG_WARN_CONSTANT_CONVERSION = YES;
				CLANG_WARN_DIRECT_OBJC_ISA_USAGE = YES_ERROR;
				CLANG_WARN_EMPTY_BODY = YES;
				CLANG_WARN_ENUM_CONVERSION = YES;
				CLANG_WARN_INT_CONVERSION = YES;
				CLANG_WARN_OBJC_ROOT_CLASS = YES_ERROR;
				CLANG_WARN_UNREACHABLE_CODE = YES;
				CLANG_WARN__DUPLICATE_METHOD_MATCH = YES;
				"CODE_SIGN_IDENTITY[sdk=iphoneos*]" = "iPhone Developer";
				COPY_PHASE_STRIP = NO;
				DEBUG_INFORMATION_FORMAT = "dwarf-with-dsym";
				ENABLE_NS_ASSERTIONS = NO;
				ENABLE_STRICT_OBJC_MSGSEND = YES;
				GCC_C_LANGUAGE_STANDARD = gnu99;
				GCC_NO_COMMON_BLOCKS = YES;
				GCC_WARN_64_TO_32_BIT_CONVERSION = YES;
				GCC_WARN_ABOUT_RETURN_TYPE = YES_ERROR;
				GCC_WARN_UNDECLARED_SELECTOR = YES;
				GCC_WARN_UNINITIALIZED_AUTOS = YES_AGGRESSIVE;
				GCC_WARN_UNUSED_FUNCTION = YES;
				GCC_WARN_UNUSED_VARIABLE = YES;
				IPHONEOS_DEPLOYMENT_TARGET = 9.2;
				MTL_ENABLE_DEBUG_INFO = NO;
				SDKROOT = iphoneos;
				VALIDATE_PRODUCT = YES;
			};
			name = Release;
		};
		4879B5881C867A450065AD06 /* Debug */ = {
			isa = XCBuildConfiguration;
			buildSettings = {
				ASSETCATALOG_COMPILER_APPICON_NAME = AppIcon;
				INFOPLIST_FILE = swiftexample/Info.plist;
				LD_RUNPATH_SEARCH_PATHS = "$(inherited) @executable_path/Frameworks";
				PRODUCT_BUNDLE_IDENTIFIER = com.liudanyun.swiftexample;
				PRODUCT_NAME = "$(TARGET_NAME)";
			};
			name = Debug;
		};
		4879B5891C867A450065AD06 /* Release */ = {
			isa = XCBuildConfiguration;
			buildSettings = {
				ASSETCATALOG_COMPILER_APPICON_NAME = AppIcon;
				INFOPLIST_FILE = swiftexample/Info.plist;
				LD_RUNPATH_SEARCH_PATHS = "$(inherited) @executable_path/Frameworks";
				PRODUCT_BUNDLE_IDENTIFIER = com.liudanyun.swiftexample;
				PRODUCT_NAME = "$(TARGET_NAME)";
			};
			name = Release;
		};
/* End XCBuildConfiguration section */

/* Begin XCConfigurationList section */
		4879B5701C867A450065AD06 /* Build configuration list for PBXProject "swiftexample" */ = {
			isa = XCConfigurationList;
			buildConfigurations = (
				4879B5851C867A450065AD06 /* Debug */,
				4879B5861C867A450065AD06 /* Release */,
			);
			defaultConfigurationIsVisible = 0;
			defaultConfigurationName = Release;
		};
		4879B5871C867A450065AD06 /* Build configuration list for PBXNativeTarget "swiftexample" */ = {
			isa = XCConfigurationList;
			buildConfigurations = (
				4879B5881C867A450065AD06 /* Debug */,
				4879B5891C867A450065AD06 /* Release */,
			);
			defaultConfigurationIsVisible = 0;
		};
/* End XCConfigurationList section */
	};
	rootObject = 4879B56D1C867A450065AD06 /* Project object */;
}
